
Microsoft Visual Studio Solution File, Format Version 12.00
# Visual Studio Version 17
VisualStudioVersion = 17.5.33424.131
MinimumVisualStudioVersion = 10.0.40219.1
Project("{8BC9CEB8-8B4A-11D0-8D11-00A0C91BC942}") = "operon15", "operon15.vcxproj", "{BEDD7EE7-1902-489F-8540-AC25F0908DEC}"
EndProject
Global
	GlobalSection(SolutionConfigurationPlatforms) = preSolution
		Debug|x64 = Debug|x64
		Debug|x86 = Debug|x86
		Release|x64 = Release|x64
		Release|x86 = Release|x86
	EndGlobalSection
	GlobalSection(ProjectConfigurationPlatforms) = postSolution
		{BEDD7EE7-1902-489F-8540-AC25F0908DEC}.Debug|x64.ActiveCfg = Debug|x64
		{BEDD7EE7-1902-489F-8540-AC25F0908DEC}.Debug|x64.Build.0 = Debug|x64
		{BEDD7EE7-1902-489F-8540-AC25F0908DEC}.Debug|x86.ActiveCfg = Debug|Win32
		{BEDD7EE7-1902-489F-8540-AC25F0908DEC}.Debug|x86.Build.0 = Debug|Win32
		{BEDD7EE7-1902-489F-8540-AC25F0908DEC}.Release|x64.ActiveCfg = Release|x64
		{BEDD7EE7-1902-489F-8540-AC25F0908DEC}.Release|x64.Build.0 = Release|x64
		{BEDD7EE7-1902-489F-8540-AC25F0908DEC}.Release|x86.ActiveCfg = Release|Win32
		{BEDD7EE7-1902-489F-8540-AC25F0908DEC}.Release|x86.Build.0 = Release|Win32
	EndGlobalSection
	GlobalSection(SolutionProperties) = preSolution
		HideSolutionNode = FALSE
	EndGlobalSection
	GlobalSection(ExtensibilityGlobals) = postSolution
		SolutionGuid = {C664B909-CB24-4B5F-9F10-A76D08462D0E}
	EndGlobalSection
EndGlobal
